// !$*UTF8*$!
{
	archiveVersion = 1;
	classes = {
	};
	objectVersion = 46;
	objects = {

/* Begin PBXBuildFile section */
		3A096CB71ED40A3C00DF6C7C /* AppDelegate.swift in Sources */ = {isa = PBXBuildFile; fileRef = 3A096CB61ED40A3C00DF6C7C /* AppDelegate.swift */; };
		3A096CB91ED40A3C00DF6C7C /* ViewController.swift in Sources */ = {isa = PBXBuildFile; fileRef = 3A096CB81ED40A3C00DF6C7C /* ViewController.swift */; };
		3A096CBC1ED40A3C00DF6C7C /* Main.storyboard in Resources */ = {isa = PBXBuildFile; fileRef = 3A096CBA1ED40A3C00DF6C7C /* Main.storyboard */; };
		3A096CBE1ED40A3C00DF6C7C /* Assets.xcassets in Resources */ = {isa = PBXBuildFile; fileRef = 3A096CBD1ED40A3C00DF6C7C /* Assets.xcassets */; };
		3A096CC11ED40A3C00DF6C7C /* LaunchScreen.storyboard in Resources */ = {isa = PBXBuildFile; fileRef = 3A096CBF1ED40A3C00DF6C7C /* LaunchScreen.storyboard */; };
		3A096CCC1ED40A3C00DF6C7C /* TestCaseTests.swift in Sources */ = {isa = PBXBuildFile; fileRef = 3A096CCB1ED40A3C00DF6C7C /* TestCaseTests.swift */; };
		3A096CD71ED40A3C00DF6C7C /* TestCaseUITests.swift in Sources */ = {isa = PBXBuildFile; fileRef = 3A096CD61ED40A3C00DF6C7C /* TestCaseUITests.swift */; };
		3A0D602C1ED650F100D45294 /* TableViewController.swift in Sources */ = {isa = PBXBuildFile; fileRef = 3A0D602B1ED650F100D45294 /* TableViewController.swift */; };
		3A10278E1ED43E2F002B8FC6 /* datasAndSettings.swift in Sources */ = {isa = PBXBuildFile; fileRef = 3A10278D1ED43E2F002B8FC6 /* datasAndSettings.swift */; };
		3A14C5F81EF2B8B5008FF28A /* VaccineViewController.swift in Sources */ = {isa = PBXBuildFile; fileRef = 3A14C5F71EF2B8B5008FF28A /* VaccineViewController.swift */; };
		3A14C5FA1EF2B953008FF28A /* ChecklistItem.swift in Sources */ = {isa = PBXBuildFile; fileRef = 3A14C5F91EF2B953008FF28A /* ChecklistItem.swift */; };
		3A15A8061ED5D417008CCB90 /* MapViewController.swift in Sources */ = {isa = PBXBuildFile; fileRef = 3A15A8051ED5D417008CCB90 /* MapViewController.swift */; };
		3A15A8081ED5D42D008CCB90 /* LinkViewController.swift in Sources */ = {isa = PBXBuildFile; fileRef = 3A15A8071ED5D42D008CCB90 /* LinkViewController.swift */; };
		3A15A80A1ED5D5E7008CCB90 /* PhotoViewController.swift in Sources */ = {isa = PBXBuildFile; fileRef = 3A15A8091ED5D5E7008CCB90 /* PhotoViewController.swift */; };
		3A15A80C1ED5E5FA008CCB90 /* DetailViewController.swift in Sources */ = {isa = PBXBuildFile; fileRef = 3A15A80B1ED5E5FA008CCB90 /* DetailViewController.swift */; };
		3AE559CC1EF1330200B95FB8 /* TestCase.xcdatamodeld in Sources */ = {isa = PBXBuildFile; fileRef = 3AE559CA1EF1330200B95FB8 /* TestCase.xcdatamodeld */; };
		3AE559D01EF13B2100B95FB8 /* TempViewController.swift in Sources */ = {isa = PBXBuildFile; fileRef = 3AE559CF1EF13B2100B95FB8 /* TempViewController.swift */; };
		3AE559D31EF151F600B95FB8 /* Doglist+CoreDataClass.swift in Sources */ = {isa = PBXBuildFile; fileRef = 3AE559D11EF151F600B95FB8 /* Doglist+CoreDataClass.swift */; };
		3AE559D41EF151F600B95FB8 /* Doglist+CoreDataProperties.swift in Sources */ = {isa = PBXBuildFile; fileRef = 3AE559D21EF151F600B95FB8 /* Doglist+CoreDataProperties.swift */; };
		3AE559D61EF1529300B95FB8 /* CoreDataStack.swift in Sources */ = {isa = PBXBuildFile; fileRef = 3AE559D51EF1529300B95FB8 /* CoreDataStack.swift */; };
		3AE559D81EF1688100B95FB8 /* NewViewController.swift in Sources */ = {isa = PBXBuildFile; fileRef = 3AE559D71EF1688100B95FB8 /* NewViewController.swift */; };
/* End PBXBuildFile section */

/* Begin PBXContainerItemProxy section */
		3A096CC81ED40A3C00DF6C7C /* PBXContainerItemProxy */ = {
			isa = PBXContainerItemProxy;
			containerPortal = 3A096CAB1ED40A3C00DF6C7C /* Project object */;
			proxyType = 1;
			remoteGlobalIDString = 3A096CB21ED40A3C00DF6C7C;
			remoteInfo = TestCase;
		};
		3A096CD31ED40A3C00DF6C7C /* PBXContainerItemProxy */ = {
			isa = PBXContainerItemProxy;
			containerPortal = 3A096CAB1ED40A3C00DF6C7C /* Project object */;
			proxyType = 1;
			remoteGlobalIDString = 3A096CB21ED40A3C00DF6C7C;
			remoteInfo = TestCase;
		};
/* End PBXContainerItemProxy section */

/* Begin PBXFileReference section */
		3A096CB31ED40A3C00DF6C7C /* TestCase.app */ = {isa = PBXFileReference; explicitFileType = wrapper.application; includeInIndex = 0; path = TestCase.app; sourceTree = BUILT_PRODUCTS_DIR; };
		3A096CB61ED40A3C00DF6C7C /* AppDelegate.swift */ = {isa = PBXFileReference; lastKnownFileType = sourcecode.swift; path = AppDelegate.swift; sourceTree = "<group>"; };
		3A096CB81ED40A3C00DF6C7C /* ViewController.swift */ = {isa = PBXFileReference; lastKnownFileType = sourcecode.swift; path = ViewController.swift; sourceTree = "<group>"; };
		3A096CBB1ED40A3C00DF6C7C /* Base */ = {isa = PBXFileReference; lastKnownFileType = file.storyboard; name = Base; path = Base.lproj/Main.storyboard; sourceTree = "<group>"; };
		3A096CBD1ED40A3C00DF6C7C /* Assets.xcassets */ = {isa = PBXFileReference; lastKnownFileType = folder.assetcatalog; path = Assets.xcassets; sourceTree = "<group>"; };
		3A096CC01ED40A3C00DF6C7C /* Base */ = {isa = PBXFileReference; lastKnownFileType = file.storyboard; name = Base; path = Base.lproj/LaunchScreen.storyboard; sourceTree = "<group>"; };
		3A096CC21ED40A3C00DF6C7C /* Info.plist */ = {isa = PBXFileReference; lastKnownFileType = text.plist.xml; path = Info.plist; sourceTree = "<group>"; };
		3A096CC71ED40A3C00DF6C7C /* TestCaseTests.xctest */ = {isa = PBXFileReference; explicitFileType = wrapper.cfbundle; includeInIndex = 0; path = TestCaseTests.xctest; sourceTree = BUILT_PRODUCTS_DIR; };
		3A096CCB1ED40A3C00DF6C7C /* TestCaseTests.swift */ = {isa = PBXFileReference; lastKnownFileType = sourcecode.swift; path = TestCaseTests.swift; sourceTree = "<group>"; };
		3A096CCD1ED40A3C00DF6C7C /* Info.plist */ = {isa = PBXFileReference; lastKnownFileType = text.plist.xml; path = Info.plist; sourceTree = "<group>"; };
		3A096CD21ED40A3C00DF6C7C /* TestCaseUITests.xctest */ = {isa = PBXFileReference; explicitFileType = wrapper.cfbundle; includeInIndex = 0; path = TestCaseUITests.xctest; sourceTree = BUILT_PRODUCTS_DIR; };
		3A096CD61ED40A3C00DF6C7C /* TestCaseUITests.swift */ = {isa = PBXFileReference; lastKnownFileType = sourcecode.swift; path = TestCaseUITests.swift; sourceTree = "<group>"; };
		3A096CD81ED40A3C00DF6C7C /* Info.plist */ = {isa = PBXFileReference; lastKnownFileType = text.plist.xml; path = Info.plist; sourceTree = "<group>"; };
		3A0D602B1ED650F100D45294 /* TableViewController.swift */ = {isa = PBXFileReference; fileEncoding = 4; lastKnownFileType = sourcecode.swift; name = TableViewController.swift; path = ../TableViewController.swift; sourceTree = "<group>"; };
		3A10278D1ED43E2F002B8FC6 /* datasAndSettings.swift */ = {isa = PBXFileReference; fileEncoding = 4; lastKnownFileType = sourcecode.swift; path = datasAndSettings.swift; sourceTree = "<group>"; };
		3A14C5F71EF2B8B5008FF28A /* VaccineViewController.swift */ = {isa = PBXFileReference; fileEncoding = 4; lastKnownFileType = sourcecode.swift; path = VaccineViewController.swift; sourceTree = "<group>"; };
		3A14C5F91EF2B953008FF28A /* ChecklistItem.swift */ = {isa = PBXFileReference; fileEncoding = 4; lastKnownFileType = sourcecode.swift; path = ChecklistItem.swift; sourceTree = "<group>"; };
		3A15A8051ED5D417008CCB90 /* MapViewController.swift */ = {isa = PBXFileReference; fileEncoding = 4; lastKnownFileType = sourcecode.swift; path = MapViewController.swift; sourceTree = "<group>"; };
		3A15A8071ED5D42D008CCB90 /* LinkViewController.swift */ = {isa = PBXFileReference; fileEncoding = 4; lastKnownFileType = sourcecode.swift; path = LinkViewController.swift; sourceTree = "<group>"; };
		3A15A8091ED5D5E7008CCB90 /* PhotoViewController.swift */ = {isa = PBXFileReference; fileEncoding = 4; lastKnownFileType = sourcecode.swift; path = PhotoViewController.swift; sourceTree = "<group>"; };
		3A15A80B1ED5E5FA008CCB90 /* DetailViewController.swift */ = {isa = PBXFileReference; fileEncoding = 4; lastKnownFileType = sourcecode.swift; path = DetailViewController.swift; sourceTree = "<group>"; };
		3AE559CB1EF1330200B95FB8 /* TestCase.xcdatamodel */ = {isa = PBXFileReference; lastKnownFileType = wrapper.xcdatamodel; path = TestCase.xcdatamodel; sourceTree = "<group>"; };
		3AE559CF1EF13B2100B95FB8 /* TempViewController.swift */ = {isa = PBXFileReference; fileEncoding = 4; lastKnownFileType = sourcecode.swift; name = TempViewController.swift; path = ../TempViewController.swift; sourceTree = "<group>"; };
		3AE559D11EF151F600B95FB8 /* Doglist+CoreDataClass.swift */ = {isa = PBXFileReference; fileEncoding = 4; lastKnownFileType = sourcecode.swift; path = "Doglist+CoreDataClass.swift"; sourceTree = "<group>"; };
		3AE559D21EF151F600B95FB8 /* Doglist+CoreDataProperties.swift */ = {isa = PBXFileReference; fileEncoding = 4; lastKnownFileType = sourcecode.swift; path = "Doglist+CoreDataProperties.swift"; sourceTree = "<group>"; };
		3AE559D51EF1529300B95FB8 /* CoreDataStack.swift */ = {isa = PBXFileReference; fileEncoding = 4; lastKnownFileType = sourcecode.swift; path = CoreDataStack.swift; sourceTree = "<group>"; };
		3AE559D71EF1688100B95FB8 /* NewViewController.swift */ = {isa = PBXFileReference; fileEncoding = 4; lastKnownFileType = sourcecode.swift; path = NewViewController.swift; sourceTree = "<group>"; };
/* End PBXFileReference section */

/* Begin PBXFrameworksBuildPhase section */
		3A096CB01ED40A3C00DF6C7C /* Frameworks */ = {
			isa = PBXFrameworksBuildPhase;
			buildActionMask = 2147483647;
			files = (
			);
			runOnlyForDeploymentPostprocessing = 0;
		};
		3A096CC41ED40A3C00DF6C7C /* Frameworks */ = {
			isa = PBXFrameworksBuildPhase;
			buildActionMask = 2147483647;
			files = (
			);
			runOnlyForDeploymentPostprocessing = 0;
		};
		3A096CCF1ED40A3C00DF6C7C /* Frameworks */ = {
			isa = PBXFrameworksBuildPhase;
			buildActionMask = 2147483647;
			files = (
			);
			runOnlyForDeploymentPostprocessing = 0;
		};
/* End PBXFrameworksBuildPhase section */

/* Begin PBXGroup section */
		3A096CAA1ED40A3C00DF6C7C = {
			isa = PBXGroup;
			children = (
				3A096CB51ED40A3C00DF6C7C /* TestCase */,
				3A096CCA1ED40A3C00DF6C7C /* TestCaseTests */,
				3A096CD51ED40A3C00DF6C7C /* TestCaseUITests */,
				3A096CB41ED40A3C00DF6C7C /* Products */,
			);
			sourceTree = "<group>";
		};
		3A096CB41ED40A3C00DF6C7C /* Products */ = {
			isa = PBXGroup;
			children = (
				3A096CB31ED40A3C00DF6C7C /* TestCase.app */,
				3A096CC71ED40A3C00DF6C7C /* TestCaseTests.xctest */,
				3A096CD21ED40A3C00DF6C7C /* TestCaseUITests.xctest */,
			);
			name = Products;
			sourceTree = "<group>";
		};
		3A096CB51ED40A3C00DF6C7C /* TestCase */ = {
			isa = PBXGroup;
			children = (
				3AE559D11EF151F600B95FB8 /* Doglist+CoreDataClass.swift */,
				3AE559D21EF151F600B95FB8 /* Doglist+CoreDataProperties.swift */,
				3AE559CA1EF1330200B95FB8 /* TestCase.xcdatamodeld */,
				3AE559D51EF1529300B95FB8 /* CoreDataStack.swift */,
				3AE559CF1EF13B2100B95FB8 /* TempViewController.swift */,
				3A10278D1ED43E2F002B8FC6 /* datasAndSettings.swift */,
				3A096CB61ED40A3C00DF6C7C /* AppDelegate.swift */,
				3A096CB81ED40A3C00DF6C7C /* ViewController.swift */,
				3A15A8091ED5D5E7008CCB90 /* PhotoViewController.swift */,
				3AE559D71EF1688100B95FB8 /* NewViewController.swift */,
				3A15A8051ED5D417008CCB90 /* MapViewController.swift */,
				3A15A80B1ED5E5FA008CCB90 /* DetailViewController.swift */,
				3A15A8071ED5D42D008CCB90 /* LinkViewController.swift */,
				3A0D602B1ED650F100D45294 /* TableViewController.swift */,
				3A096CBA1ED40A3C00DF6C7C /* Main.storyboard */,
				3A096CBD1ED40A3C00DF6C7C /* Assets.xcassets */,
				3A096CBF1ED40A3C00DF6C7C /* LaunchScreen.storyboard */,
				3A14C5F71EF2B8B5008FF28A /* VaccineViewController.swift */,
				3A14C5F91EF2B953008FF28A /* ChecklistItem.swift */,
				3A096CC21ED40A3C00DF6C7C /* Info.plist */,
			);
			path = TestCase;
			sourceTree = "<group>";
		};
		3A096CCA1ED40A3C00DF6C7C /* TestCaseTests */ = {
			isa = PBXGroup;
			children = (
				3A096CCB1ED40A3C00DF6C7C /* TestCaseTests.swift */,
				3A096CCD1ED40A3C00DF6C7C /* Info.plist */,
			);
			path = TestCaseTests;
			sourceTree = "<group>";
		};
		3A096CD51ED40A3C00DF6C7C /* TestCaseUITests */ = {
			isa = PBXGroup;
			children = (
				3A096CD61ED40A3C00DF6C7C /* TestCaseUITests.swift */,
				3A096CD81ED40A3C00DF6C7C /* Info.plist */,
			);
			path = TestCaseUITests;
			sourceTree = "<group>";
		};
/* End PBXGroup section */

/* Begin PBXNativeTarget section */
		3A096CB21ED40A3C00DF6C7C /* TestCase */ = {
			isa = PBXNativeTarget;
			buildConfigurationList = 3A096CDB1ED40A3C00DF6C7C /* Build configuration list for PBXNativeTarget "TestCase" */;
			buildPhases = (
				3A096CAF1ED40A3C00DF6C7C /* Sources */,
				3A096CB01ED40A3C00DF6C7C /* Frameworks */,
				3A096CB11ED40A3C00DF6C7C /* Resources */,
			);
			buildRules = (
			);
			dependencies = (
			);
			name = TestCase;
			productName = TestCase;
			productReference = 3A096CB31ED40A3C00DF6C7C /* TestCase.app */;
			productType = "com.apple.product-type.application";
		};
		3A096CC61ED40A3C00DF6C7C /* TestCaseTests */ = {
			isa = PBXNativeTarget;
			buildConfigurationList = 3A096CDE1ED40A3C00DF6C7C /* Build configuration list for PBXNativeTarget "TestCaseTests" */;
			buildPhases = (
				3A096CC31ED40A3C00DF6C7C /* Sources */,
				3A096CC41ED40A3C00DF6C7C /* Frameworks */,
				3A096CC51ED40A3C00DF6C7C /* Resources */,
			);
			buildRules = (
			);
			dependencies = (
				3A096CC91ED40A3C00DF6C7C /* PBXTargetDependency */,
			);
			name = TestCaseTests;
			productName = TestCaseTests;
			productReference = 3A096CC71ED40A3C00DF6C7C /* TestCaseTests.xctest */;
			productType = "com.apple.product-type.bundle.unit-test";
		};
		3A096CD11ED40A3C00DF6C7C /* TestCaseUITests */ = {
			isa = PBXNativeTarget;
			buildConfigurationList = 3A096CE11ED40A3C00DF6C7C /* Build configuration list for PBXNativeTarget "TestCaseUITests" */;
			buildPhases = (
				3A096CCE1ED40A3C00DF6C7C /* Sources */,
				3A096CCF1ED40A3C00DF6C7C /* Frameworks */,
				3A096CD01ED40A3C00DF6C7C /* Resources */,
			);
			buildRules = (
			);
			dependencies = (
				3A096CD41ED40A3C00DF6C7C /* PBXTargetDependency */,
			);
			name = TestCaseUITests;
			productName = TestCaseUITests;
			productReference = 3A096CD21ED40A3C00DF6C7C /* TestCaseUITests.xctest */;
			productType = "com.apple.product-type.bundle.ui-testing";
		};
/* End PBXNativeTarget section */

/* Begin PBXProject section */
		3A096CAB1ED40A3C00DF6C7C /* Project object */ = {
			isa = PBXProject;
			attributes = {
				KnownAssetTags = (
					0,
					1,
				);
				LastSwiftUpdateCheck = 0830;
				LastUpgradeCheck = 0830;
				ORGANIZATIONNAME = "최광익";
				TargetAttributes = {
					3A096CB21ED40A3C00DF6C7C = {
						CreatedOnToolsVersion = 8.3.2;
						DevelopmentTeam = F59E6VU42S;
						ProvisioningStyle = Automatic;
					};
					3A096CC61ED40A3C00DF6C7C = {
						CreatedOnToolsVersion = 8.3.2;
						DevelopmentTeam = F59E6VU42S;
						ProvisioningStyle = Automatic;
						TestTargetID = 3A096CB21ED40A3C00DF6C7C;
					};
					3A096CD11ED40A3C00DF6C7C = {
						CreatedOnToolsVersion = 8.3.2;
						DevelopmentTeam = F59E6VU42S;
						ProvisioningStyle = Automatic;
						TestTargetID = 3A096CB21ED40A3C00DF6C7C;
					};
				};
			};
			buildConfigurationList = 3A096CAE1ED40A3C00DF6C7C /* Build configuration list for PBXProject "TestCase" */;
			compatibilityVersion = "Xcode 3.2";
			developmentRegion = English;
			hasScannedForEncodings = 0;
			knownRegions = (
				en,
				Base,
			);
			mainGroup = 3A096CAA1ED40A3C00DF6C7C;
			productRefGroup = 3A096CB41ED40A3C00DF6C7C /* Products */;
			projectDirPath = "";
			projectRoot = "";
			targets = (
				3A096CB21ED40A3C00DF6C7C /* TestCase */,
				3A096CC61ED40A3C00DF6C7C /* TestCaseTests */,
				3A096CD11ED40A3C00DF6C7C /* TestCaseUITests */,
			);
		};
/* End PBXProject section */

/* Begin PBXResourcesBuildPhase section */
		3A096CB11ED40A3C00DF6C7C /* Resources */ = {
			isa = PBXResourcesBuildPhase;
			buildActionMask = 2147483647;
			files = (
				3A096CC11ED40A3C00DF6C7C /* LaunchScreen.storyboard in Resources */,
				3A096CBE1ED40A3C00DF6C7C /* Assets.xcassets in Resources */,
				3A096CBC1ED40A3C00DF6C7C /* Main.storyboard in Resources */,
			);
			runOnlyForDeploymentPostprocessing = 0;
		};
		3A096CC51ED40A3C00DF6C7C /* Resources */ = {
			isa = PBXResourcesBuildPhase;
			buildActionMask = 2147483647;
			files = (
			);
			runOnlyForDeploymentPostprocessing = 0;
		};
		3A096CD01ED40A3C00DF6C7C /* Resources */ = {
			isa = PBXResourcesBuildPhase;
			buildActionMask = 2147483647;
			files = (
			);
			runOnlyForDeploymentPostprocessing = 0;
		};
/* End PBXResourcesBuildPhase section */

/* Begin PBXSourcesBuildPhase section */
		3A096CAF1ED40A3C00DF6C7C /* Sources */ = {
			isa = PBXSourcesBuildPhase;
			buildActionMask = 2147483647;
			files = (
				3A096CB91ED40A3C00DF6C7C /* ViewController.swift in Sources */,
				3A10278E1ED43E2F002B8FC6 /* datasAndSettings.swift in Sources */,
				3A15A80A1ED5D5E7008CCB90 /* PhotoViewController.swift in Sources */,
				3A14C5F81EF2B8B5008FF28A /* VaccineViewController.swift in Sources */,
				3A0D602C1ED650F100D45294 /* TableViewController.swift in Sources */,
				3A15A8081ED5D42D008CCB90 /* LinkViewController.swift in Sources */,
				3A096CB71ED40A3C00DF6C7C /* AppDelegate.swift in Sources */,
				3A14C5FA1EF2B953008FF28A /* ChecklistItem.swift in Sources */,
				3AE559D61EF1529300B95FB8 /* CoreDataStack.swift in Sources */,
				3AE559D01EF13B2100B95FB8 /* TempViewController.swift in Sources */,
				3AE559CC1EF1330200B95FB8 /* TestCase.xcdatamodeld in Sources */,
				3AE559D81EF1688100B95FB8 /* NewViewController.swift in Sources */,
				3AE559D41EF151F600B95FB8 /* Doglist+CoreDataProperties.swift in Sources */,
				3A15A8061ED5D417008CCB90 /* MapViewController.swift in Sources */,
				3AE559D31EF151F600B95FB8 /* Doglist+CoreDataClass.swift in Sources */,
				3A15A80C1ED5E5FA008CCB90 /* DetailViewController.swift in Sources */,
			);
			runOnlyForDeploymentPostprocessing = 0;
		};
		3A096CC31ED40A3C00DF6C7C /* Sources */ = {
			isa = PBXSourcesBuildPhase;
			buildActionMask = 2147483647;
			files = (
				3A096CCC1ED40A3C00DF6C7C /* TestCaseTests.swift in Sources */,
			);
			runOnlyForDeploymentPostprocessing = 0;
		};
		3A096CCE1ED40A3C00DF6C7C /* Sources */ = {
			isa = PBXSourcesBuildPhase;
			buildActionMask = 2147483647;
			files = (
				3A096CD71ED40A3C00DF6C7C /* TestCaseUITests.swift in Sources */,
			);
			runOnlyForDeploymentPostprocessing = 0;
		};
/* End PBXSourcesBuildPhase section */

/* Begin PBXTargetDependency section */
		3A096CC91ED40A3C00DF6C7C /* PBXTargetDependency */ = {
			isa = PBXTargetDependency;
			target = 3A096CB21ED40A3C00DF6C7C /* TestCase */;
			targetProxy = 3A096CC81ED40A3C00DF6C7C /* PBXContainerItemProxy */;
		};
		3A096CD41ED40A3C00DF6C7C /* PBXTargetDependency */ = {
			isa = PBXTargetDependency;
			target = 3A096CB21ED40A3C00DF6C7C /* TestCase */;
			targetProxy = 3A096CD31ED40A3C00DF6C7C /* PBXContainerItemProxy */;
		};
/* End PBXTargetDependency section */

/* Begin PBXVariantGroup section */
		3A096CBA1ED40A3C00DF6C7C /* Main.storyboard */ = {
			isa = PBXVariantGroup;
			children = (
				3A096CBB1ED40A3C00DF6C7C /* Base */,
			);
			name = Main.storyboard;
			sourceTree = "<group>";
		};
		3A096CBF1ED40A3C00DF6C7C /* LaunchScreen.storyboard */ = {
			isa = PBXVariantGroup;
			children = (
				3A096CC01ED40A3C00DF6C7C /* Base */,
			);
			name = LaunchScreen.storyboard;
			sourceTree = "<group>";
		};
/* End PBXVariantGroup section */

/* Begin XCBuildConfiguration section */
		3A096CD91ED40A3C00DF6C7C /* Debug */ = {
			isa = XCBuildConfiguration;
			buildSettings = {
				ALWAYS_SEARCH_USER_PATHS = NO;
				CLANG_ANALYZER_NONNULL = YES;
				CLANG_ANALYZER_NUMBER_OBJECT_CONVERSION = YES_AGGRESSIVE;
				CLANG_CXX_LANGUAGE_STANDARD = "gnu++0x";
				CLANG_CXX_LIBRARY = "libc++";
				CLANG_ENABLE_MODULES = YES;
				CLANG_ENABLE_OBJC_ARC = YES;
				CLANG_WARN_BOOL_CONVERSION = YES;
				CLANG_WARN_CONSTANT_CONVERSION = YES;
				CLANG_WARN_DIRECT_OBJC_ISA_USAGE = YES_ERROR;
				CLANG_WARN_DOCUMENTATION_COMMENTS = YES;
				CLANG_WARN_EMPTY_BODY = YES;
				CLANG_WARN_ENUM_CONVERSION = YES;
				CLANG_WARN_INFINITE_RECURSION = YES;
				CLANG_WARN_INT_CONVERSION = YES;
				CLANG_WARN_OBJC_ROOT_CLASS = YES_ERROR;
				CLANG_WARN_SUSPICIOUS_MOVE = YES;
				CLANG_WARN_UNREACHABLE_CODE = YES;
				CLANG_WARN__DUPLICATE_METHOD_MATCH = YES;
				"CODE_SIGN_IDENTITY[sdk=iphoneos*]" = "iPhone Developer";
				COPY_PHASE_STRIP = NO;
				DEBUG_INFORMATION_FORMAT = dwarf;
				ENABLE_STRICT_OBJC_MSGSEND = YES;
				ENABLE_TESTABILITY = YES;
				GCC_C_LANGUAGE_STANDARD = gnu99;
				GCC_DYNAMIC_NO_PIC = NO;
				GCC_NO_COMMON_BLOCKS = YES;
				GCC_OPTIMIZATION_LEVEL = 0;
				GCC_PREPROCESSOR_DEFINITIONS = (
					"DEBUG=1",
					"$(inherited)",
				);
				GCC_WARN_64_TO_32_BIT_CONVERSION = YES;
				GCC_WARN_ABOUT_RETURN_TYPE = YES_ERROR;
				GCC_WARN_UNDECLARED_SELECTOR = YES;
				GCC_WARN_UNINITIALIZED_AUTOS = YES_AGGRESSIVE;
				GCC_WARN_UNUSED_FUNCTION = YES;
				GCC_WARN_UNUSED_VARIABLE = YES;
				IPHONEOS_DEPLOYMENT_TARGET = 10.3;
				MTL_ENABLE_DEBUG_INFO = YES;
				ONLY_ACTIVE_ARCH = YES;
				SDKROOT = iphoneos;
				SWIFT_ACTIVE_COMPILATION_CONDITIONS = DEBUG;
				SWIFT_OPTIMIZATION_LEVEL = "-Onone";
				TARGETED_DEVICE_FAMILY = "1,2";
			};
			name = Debug;
		};
		3A096CDA1ED40A3C00DF6C7C /* Release */ = {
			isa = XCBuildConfiguration;
			buildSettings = {
				ALWAYS_SEARCH_USER_PATHS = NO;
				CLANG_ANALYZER_NONNULL = YES;
				CLANG_ANALYZER_NUMBER_OBJECT_CONVERSION = YES_AGGRESSIVE;
				CLANG_CXX_LANGUAGE_STANDARD = "gnu++0x";
				CLANG_CXX_LIBRARY = "libc++";
				CLANG_ENABLE_MODULES = YES;
				CLANG_ENABLE_OBJC_ARC = YES;
				CLANG_WARN_BOOL_CONVERSION = YES;
				CLANG_WARN_CONSTANT_CONVERSION = YES;
				CLANG_WARN_DIRECT_OBJC_ISA_USAGE = YES_ERROR;
				CLANG_WARN_DOCUMENTATION_COMMENTS = YES;
				CLANG_WARN_EMPTY_BODY = YES;
				CLANG_WARN_ENUM_CONVERSION = YES;
				CLANG_WARN_INFINITE_RECURSION = YES;
				CLANG_WARN_INT_CONVERSION = YES;
				CLANG_WARN_OBJC_ROOT_CLASS = YES_ERROR;
				CLANG_WARN_SUSPICIOUS_MOVE = YES;
				CLANG_WARN_UNREACHABLE_CODE = YES;
				CLANG_WARN__DUPLICATE_METHOD_MATCH = YES;
				"CODE_SIGN_IDENTITY[sdk=iphoneos*]" = "iPhone Developer";
				COPY_PHASE_STRIP = NO;
				DEBUG_INFORMATION_FORMAT = "dwarf-with-dsym";
				ENABLE_NS_ASSERTIONS = NO;
				ENABLE_STRICT_OBJC_MSGSEND = YES;
				GCC_C_LANGUAGE_STANDARD = gnu99;
				GCC_NO_COMMON_BLOCKS = YES;
				GCC_WARN_64_TO_32_BIT_CONVERSION = YES;
				GCC_WARN_ABOUT_RETURN_TYPE = YES_ERROR;
				GCC_WARN_UNDECLARED_SELECTOR = YES;
				GCC_WARN_UNINITIALIZED_AUTOS = YES_AGGRESSIVE;
				GCC_WARN_UNUSED_FUNCTION = YES;
				GCC_WARN_UNUSED_VARIABLE = YES;
				IPHONEOS_DEPLOYMENT_TARGET = 10.3;
				MTL_ENABLE_DEBUG_INFO = NO;
				SDKROOT = iphoneos;
				SWIFT_OPTIMIZATION_LEVEL = "-Owholemodule";
				TARGETED_DEVICE_FAMILY = "1,2";
				VALIDATE_PRODUCT = YES;
			};
			name = Release;
		};
		3A096CDC1ED40A3C00DF6C7C /* Debug */ = {
			isa = XCBuildConfiguration;
			buildSettings = {
				ASSETCATALOG_COMPILER_APPICON_NAME = AppIcon;
				DEVELOPMENT_TEAM = F59E6VU42S;
				INFOPLIST_FILE = TestCase/Info.plist;
				LD_RUNPATH_SEARCH_PATHS = "$(inherited) @executable_path/Frameworks";
				PRODUCT_BUNDLE_IDENTIFIER = kr.ac.sogang.20121653.TestCase;
				PRODUCT_NAME = "$(TARGET_NAME)";
				SWIFT_VERSION = 3.0;
			};
			name = Debug;
		};
		3A096CDD1ED40A3C00DF6C7C /* Release */ = {
			isa = XCBuildConfiguration;
			buildSettings = {
				ASSETCATALOG_COMPILER_APPICON_NAME = AppIcon;
				DEVELOPMENT_TEAM = F59E6VU42S;
				INFOPLIST_FILE = TestCase/Info.plist;
				LD_RUNPATH_SEARCH_PATHS = "$(inherited) @executable_path/Frameworks";
				PRODUCT_BUNDLE_IDENTIFIER = kr.ac.sogang.20121653.TestCase;
				PRODUCT_NAME = "$(TARGET_NAME)";
				SWIFT_VERSION = 3.0;
			};
			name = Release;
		};
		3A096CDF1ED40A3C00DF6C7C /* Debug */ = {
			isa = XCBuildConfiguration;
			buildSettings = {
				ALWAYS_EMBED_SWIFT_STANDARD_LIBRARIES = YES;
				BUNDLE_LOADER = "$(TEST_HOST)";
				DEVELOPMENT_TEAM = F59E6VU42S;
				INFOPLIST_FILE = TestCaseTests/Info.plist;
				LD_RUNPATH_SEARCH_PATHS = "$(inherited) @executable_path/Frameworks @loader_path/Frameworks";
				PRODUCT_BUNDLE_IDENTIFIER = kr.ac.sogang.20121653.TestCaseTests;
				PRODUCT_NAME = "$(TARGET_NAME)";
				SWIFT_VERSION = 3.0;
				TEST_HOST = "$(BUILT_PRODUCTS_DIR)/TestCase.app/TestCase";
			};
			name = Debug;
		};
		3A096CE01ED40A3C00DF6C7C /* Release */ = {
			isa = XCBuildConfiguration;
			buildSettings = {
				ALWAYS_EMBED_SWIFT_STANDARD_LIBRARIES = YES;
				BUNDLE_LOADER = "$(TEST_HOST)";
				DEVELOPMENT_TEAM = F59E6VU42S;
				INFOPLIST_FILE = TestCaseTests/Info.plist;
				LD_RUNPATH_SEARCH_PATHS = "$(inherited) @executable_path/Frameworks @loader_path/Frameworks";
				PRODUCT_BUNDLE_IDENTIFIER = kr.ac.sogang.20121653.TestCaseTests;
				PRODUCT_NAME = "$(TARGET_NAME)";
				SWIFT_VERSION = 3.0;
				TEST_HOST = "$(BUILT_PRODUCTS_DIR)/TestCase.app/TestCase";
			};
			name = Release;
		};
		3A096CE21ED40A3C00DF6C7C /* Debug */ = {
			isa = XCBuildConfiguration;
			buildSettings = {
				ALWAYS_EMBED_SWIFT_STANDARD_LIBRARIES = YES;
				DEVELOPMENT_TEAM = F59E6VU42S;
				INFOPLIST_FILE = TestCaseUITests/Info.plist;
				LD_RUNPATH_SEARCH_PATHS = "$(inherited) @executable_path/Frameworks @loader_path/Frameworks";
				PRODUCT_BUNDLE_IDENTIFIER = kr.ac.sogang.20121653.TestCaseUITests;
				PRODUCT_NAME = "$(TARGET_NAME)";
				SWIFT_VERSION = 3.0;
				TEST_TARGET_NAME = TestCase;
			};
			name = Debug;
		};
		3A096CE31ED40A3C00DF6C7C /* Release */ = {
			isa = XCBuildConfiguration;
			buildSettings = {
				ALWAYS_EMBED_SWIFT_STANDARD_LIBRARIES = YES;
				DEVELOPMENT_TEAM = F59E6VU42S;
				INFOPLIST_FILE = TestCaseUITests/Info.plist;
				LD_RUNPATH_SEARCH_PATHS = "$(inherited) @executable_path/Frameworks @loader_path/Frameworks";
				PRODUCT_BUNDLE_IDENTIFIER = kr.ac.sogang.20121653.TestCaseUITests;
				PRODUCT_NAME = "$(TARGET_NAME)";
				SWIFT_VERSION = 3.0;
				TEST_TARGET_NAME = TestCase;
			};
			name = Release;
		};
/* End XCBuildConfiguration section */

/* Begin XCConfigurationList section */
		3A096CAE1ED40A3C00DF6C7C /* Build configuration list for PBXProject "TestCase" */ = {
			isa = XCConfigurationList;
			buildConfigurations = (
				3A096CD91ED40A3C00DF6C7C /* Debug */,
				3A096CDA1ED40A3C00DF6C7C /* Release */,
			);
			defaultConfigurationIsVisible = 0;
			defaultConfigurationName = Release;
		};
		3A096CDB1ED40A3C00DF6C7C /* Build configuration list for PBXNativeTarget "TestCase" */ = {
			isa = XCConfigurationList;
			buildConfigurations = (
				3A096CDC1ED40A3C00DF6C7C /* Debug */,
				3A096CDD1ED40A3C00DF6C7C /* Release */,
			);
			defaultConfigurationIsVisible = 0;
			defaultConfigurationName = Release;
		};
		3A096CDE1ED40A3C00DF6C7C /* Build configuration list for PBXNativeTarget "TestCaseTests" */ = {
			isa = XCConfigurationList;
			buildConfigurations = (
				3A096CDF1ED40A3C00DF6C7C /* Debug */,
				3A096CE01ED40A3C00DF6C7C /* Release */,
			);
			defaultConfigurationIsVisible = 0;
			defaultConfigurationName = Release;
		};
		3A096CE11ED40A3C00DF6C7C /* Build configuration list for PBXNativeTarget "TestCaseUITests" */ = {
			isa = XCConfigurationList;
			buildConfigurations = (
				3A096CE21ED40A3C00DF6C7C /* Debug */,
				3A096CE31ED40A3C00DF6C7C /* Release */,
			);
			defaultConfigurationIsVisible = 0;
			defaultConfigurationName = Release;
		};
/* End XCConfigurationList section */

/* Begin XCVersionGroup section */
		3AE559CA1EF1330200B95FB8 /* TestCase.xcdatamodeld */ = {
			isa = XCVersionGroup;
			children = (
				3AE559CB1EF1330200B95FB8 /* TestCase.xcdatamodel */,
			);
			currentVersion = 3AE559CB1EF1330200B95FB8 /* TestCase.xcdatamodel */;
			path = TestCase.xcdatamodeld;
			sourceTree = "<group>";
			versionGroupType = wrapper.xcdatamodel;
		};
/* End XCVersionGroup section */
	};
	rootObject = 3A096CAB1ED40A3C00DF6C7C /* Project object */;
}
